
Microsoft Visual Studio Solution File, Format Version 12.00
# Visual Studio Version 16
VisualStudioVersion = 16.0.30611.23
MinimumVisualStudioVersion = 10.0.40219.1
Project("{FAE04EC0-301F-11D3-BF4B-00C04F79EFBC}") = "TodoListWeb", "TodoListWeb\TodoListWeb.csproj", "{F0542FCF-6BC0-4419-8321-22E995584A25}"
EndProject
Global
	GlobalSection(SolutionConfigurationPlatforms) = preSolution
		Debug|Any CPU = Debug|Any CPU
		Release|Any CPU = Release|Any CPU
	EndGlobalSection
	GlobalSection(ProjectConfigurationPlatforms) = postSolution
		{F0542FCF-6BC0-4419-8321-22E995584A25}.Debug|Any CPU.ActiveCfg = Debug|Any CPU
		{F0542FCF-6BC0-4419-8321-22E995584A25}.Debug|Any CPU.Build.0 = Debug|Any CPU
		{F0542FCF-6BC0-4419-8321-22E995584A25}.Release|Any CPU.ActiveCfg = Release|Any CPU
		{F0542FCF-6BC0-4419-8321-22E995584A25}.Release|Any CPU.Build.0 = Release|Any CPU
	EndGlobalSection
	GlobalSection(SolutionProperties) = preSolution
		HideSolutionNode = FALSE
	EndGlobalSection
	GlobalSection(ExtensibilityGlobals) = postSolution
		SolutionGuid = {D712550F-C340-4182-8BF9-BB1C99911127}
	EndGlobalSection
EndGlobal
